
Microsoft Visual Studio Solution File, Format Version 12.00
# Visual Studio Version 17
VisualStudioVersion = 17.13.35931.197
MinimumVisualStudioVersion = 10.0.40219.1
Project("{FAE04EC0-301F-11D3-BF4B-00C04F79EFBC}") = "Eticaretproject", "Eticaretproject\Eticaretproject.csproj", "{9CFD07D0-05C7-442A-B0D3-22BAC17E73C5}"
EndProject
Global
	GlobalSection(SolutionConfigurationPlatforms) = preSolution
		Debug|Any CPU = Debug|Any CPU
		Release|Any CPU = Release|Any CPU
	EndGlobalSection
	GlobalSection(ProjectConfigurationPlatforms) = postSolution
		{9CFD07D0-05C7-442A-B0D3-22BAC17E73C5}.Debug|Any CPU.ActiveCfg = Debug|Any CPU
		{9CFD07D0-05C7-442A-B0D3-22BAC17E73C5}.Debug|Any CPU.Build.0 = Debug|Any CPU
		{9CFD07D0-05C7-442A-B0D3-22BAC17E73C5}.Release|Any CPU.ActiveCfg = Release|Any CPU
		{9CFD07D0-05C7-442A-B0D3-22BAC17E73C5}.Release|Any CPU.Build.0 = Release|Any CPU
	EndGlobalSection
	GlobalSection(SolutionProperties) = preSolution
		HideSolutionNode = FALSE
	EndGlobalSection
	GlobalSection(ExtensibilityGlobals) = postSolution
		SolutionGuid = {9B5D89FB-D1BF-42A5-A6B7-D399C7CAABA7}
	EndGlobalSection
EndGlobal
